
Microsoft Visual Studio Solution File, Format Version 12.00
# Visual Studio Version 17
VisualStudioVersion = 17.11.35222.181
MinimumVisualStudioVersion = 10.0.40219.1
Project("{9A19103F-16F7-4668-BE54-9A1E7A4F7556}") = "Прак №1", "Прак №1\Прак №1.csproj", "{CEB53DD9-9583-4F8C-87EA-90A8B15D1DC9}"
	ProjectSection(ProjectDependencies) = postProject
		{EBD41C06-39FE-4DEF-A437-DDA442BBCB08} = {EBD41C06-39FE-4DEF-A437-DDA442BBCB08}
	EndProjectSection
EndProject
Project("{FAE04EC0-301F-11D3-BF4B-00C04F79EFBC}") = "Lab_1", "Lab_1\Lab_1.csproj", "{EBD41C06-39FE-4DEF-A437-DDA442BBCB08}"
EndProject
Global
	GlobalSection(SolutionConfigurationPlatforms) = preSolution
		Debug|Any CPU = Debug|Any CPU
		Release|Any CPU = Release|Any CPU
	EndGlobalSection
	GlobalSection(ProjectConfigurationPlatforms) = postSolution
		{CEB53DD9-9583-4F8C-87EA-90A8B15D1DC9}.Debug|Any CPU.ActiveCfg = Debug|Any CPU
		{CEB53DD9-9583-4F8C-87EA-90A8B15D1DC9}.Debug|Any CPU.Build.0 = Debug|Any CPU
		{CEB53DD9-9583-4F8C-87EA-90A8B15D1DC9}.Release|Any CPU.ActiveCfg = Release|Any CPU
		{CEB53DD9-9583-4F8C-87EA-90A8B15D1DC9}.Release|Any CPU.Build.0 = Release|Any CPU
		{EBD41C06-39FE-4DEF-A437-DDA442BBCB08}.Debug|Any CPU.ActiveCfg = Debug|Any CPU
		{EBD41C06-39FE-4DEF-A437-DDA442BBCB08}.Debug|Any CPU.Build.0 = Debug|Any CPU
		{EBD41C06-39FE-4DEF-A437-DDA442BBCB08}.Release|Any CPU.ActiveCfg = Release|Any CPU
		{EBD41C06-39FE-4DEF-A437-DDA442BBCB08}.Release|Any CPU.Build.0 = Release|Any CPU
	EndGlobalSection
	GlobalSection(SolutionProperties) = preSolution
		HideSolutionNode = FALSE
	EndGlobalSection
	GlobalSection(ExtensibilityGlobals) = postSolution
		SolutionGuid = {02706365-FCE5-4130-842A-B08D4AA78831}
	EndGlobalSection
EndGlobal
